
Microsoft Visual Studio Solution File, Format Version 12.00
# Visual Studio Version 17
VisualStudioVersion = 17.13.35919.96 d17.13
MinimumVisualStudioVersion = 10.0.40219.1
Project("{FAE04EC0-301F-11D3-BF4B-00C04F79EFBC}") = "Thực tập tuần 2", "Thực tập tuần 2\Thực tập tuần 2.csproj", "{587F131E-ACAF-45BD-A767-C431B710D09D}"
EndProject
Global
	GlobalSection(SolutionConfigurationPlatforms) = preSolution
		Debug|Any CPU = Debug|Any CPU
		Release|Any CPU = Release|Any CPU
	EndGlobalSection
	GlobalSection(ProjectConfigurationPlatforms) = postSolution
		{587F131E-ACAF-45BD-A767-C431B710D09D}.Debug|Any CPU.ActiveCfg = Debug|Any CPU
		{587F131E-ACAF-45BD-A767-C431B710D09D}.Debug|Any CPU.Build.0 = Debug|Any CPU
		{587F131E-ACAF-45BD-A767-C431B710D09D}.Release|Any CPU.ActiveCfg = Release|Any CPU
		{587F131E-ACAF-45BD-A767-C431B710D09D}.Release|Any CPU.Build.0 = Release|Any CPU
	EndGlobalSection
	GlobalSection(SolutionProperties) = preSolution
		HideSolutionNode = FALSE
	EndGlobalSection
	GlobalSection(ExtensibilityGlobals) = postSolution
		SolutionGuid = {C666E35C-DB8E-4A31-B538-FC0735CE52E2}
	EndGlobalSection
EndGlobal
